
Microsoft Visual Studio Solution File, Format Version 12.00
# Visual Studio Version 17
VisualStudioVersion = 17.0.31919.166
MinimumVisualStudioVersion = 10.0.40219.1
Project("{9A19103F-16F7-4668-BE54-9A1E7A4F7556}") = "Scarecrow", "src\Scarecrow\Scarecrow.csproj", "{34BF4F42-ED2D-4F87-A03D-5C913D68D8AA}"
EndProject
Project("{9A19103F-16F7-4668-BE54-9A1E7A4F7556}") = "GitClient", "src\GitClient\GitClient.csproj", "{A798BDC8-0641-4302-9D70-29595AD99C2F}"
EndProject
Project("{2150E333-8FDC-42A3-9474-1A3956D46DE8}") = "GitClient", "GitClient", "{1098E1E9-6B9C-4839-9FCC-1B0D77D62AD7}"
EndProject
Project("{2150E333-8FDC-42A3-9474-1A3956D46DE8}") = "Validator", "Validator", "{3926398C-FB8A-45E7-A143-F90EF34E4EA5}"
EndProject
Project("{9A19103F-16F7-4668-BE54-9A1E7A4F7556}") = "Validator", "src\Validator\Validator.csproj", "{D018EA76-6355-46D9-98D1-9C89BB341C61}"
EndProject
Project("{2150E333-8FDC-42A3-9474-1A3956D46DE8}") = "src", "src", "{FD3D6B38-889B-43C1-9137-9E3D90F8899F}"
EndProject
Project("{2150E333-8FDC-42A3-9474-1A3956D46DE8}") = "test", "test", "{0B7A6A79-F2AC-4DEF-9DE3-EAF5C2BF0B41}"
EndProject
Project("{2150E333-8FDC-42A3-9474-1A3956D46DE8}") = "Validator", "Validator", "{B1425AD8-55F0-4C25-96A8-67BE1EDFAD13}"
EndProject
Project("{FAE04EC0-301F-11D3-BF4B-00C04F79EFBC}") = "ValidatorTest", "test\Validator\ValidatorTest\ValidatorTest.csproj", "{FA7256BB-D4EF-479E-88AD-AF226C509C09}"
EndProject
Global
	GlobalSection(SolutionConfigurationPlatforms) = preSolution
		Debug|Any CPU = Debug|Any CPU
		Release|Any CPU = Release|Any CPU
	EndGlobalSection
	GlobalSection(ProjectConfigurationPlatforms) = postSolution
		{34BF4F42-ED2D-4F87-A03D-5C913D68D8AA}.Debug|Any CPU.ActiveCfg = Debug|Any CPU
		{34BF4F42-ED2D-4F87-A03D-5C913D68D8AA}.Debug|Any CPU.Build.0 = Debug|Any CPU
		{34BF4F42-ED2D-4F87-A03D-5C913D68D8AA}.Release|Any CPU.ActiveCfg = Release|Any CPU
		{34BF4F42-ED2D-4F87-A03D-5C913D68D8AA}.Release|Any CPU.Build.0 = Release|Any CPU
		{A798BDC8-0641-4302-9D70-29595AD99C2F}.Debug|Any CPU.ActiveCfg = Debug|Any CPU
		{A798BDC8-0641-4302-9D70-29595AD99C2F}.Debug|Any CPU.Build.0 = Debug|Any CPU
		{A798BDC8-0641-4302-9D70-29595AD99C2F}.Release|Any CPU.ActiveCfg = Release|Any CPU
		{A798BDC8-0641-4302-9D70-29595AD99C2F}.Release|Any CPU.Build.0 = Release|Any CPU
		{D018EA76-6355-46D9-98D1-9C89BB341C61}.Debug|Any CPU.ActiveCfg = Debug|Any CPU
		{D018EA76-6355-46D9-98D1-9C89BB341C61}.Debug|Any CPU.Build.0 = Debug|Any CPU
		{D018EA76-6355-46D9-98D1-9C89BB341C61}.Release|Any CPU.ActiveCfg = Release|Any CPU
		{D018EA76-6355-46D9-98D1-9C89BB341C61}.Release|Any CPU.Build.0 = Release|Any CPU
		{FA7256BB-D4EF-479E-88AD-AF226C509C09}.Debug|Any CPU.ActiveCfg = Debug|Any CPU
		{FA7256BB-D4EF-479E-88AD-AF226C509C09}.Debug|Any CPU.Build.0 = Debug|Any CPU
		{FA7256BB-D4EF-479E-88AD-AF226C509C09}.Release|Any CPU.ActiveCfg = Release|Any CPU
		{FA7256BB-D4EF-479E-88AD-AF226C509C09}.Release|Any CPU.Build.0 = Release|Any CPU
	EndGlobalSection
	GlobalSection(SolutionProperties) = preSolution
		HideSolutionNode = FALSE
	EndGlobalSection
	GlobalSection(NestedProjects) = preSolution
		{34BF4F42-ED2D-4F87-A03D-5C913D68D8AA} = {FD3D6B38-889B-43C1-9137-9E3D90F8899F}
		{A798BDC8-0641-4302-9D70-29595AD99C2F} = {1098E1E9-6B9C-4839-9FCC-1B0D77D62AD7}
		{1098E1E9-6B9C-4839-9FCC-1B0D77D62AD7} = {FD3D6B38-889B-43C1-9137-9E3D90F8899F}
		{3926398C-FB8A-45E7-A143-F90EF34E4EA5} = {FD3D6B38-889B-43C1-9137-9E3D90F8899F}
		{D018EA76-6355-46D9-98D1-9C89BB341C61} = {3926398C-FB8A-45E7-A143-F90EF34E4EA5}
		{B1425AD8-55F0-4C25-96A8-67BE1EDFAD13} = {0B7A6A79-F2AC-4DEF-9DE3-EAF5C2BF0B41}
		{FA7256BB-D4EF-479E-88AD-AF226C509C09} = {B1425AD8-55F0-4C25-96A8-67BE1EDFAD13}
	EndGlobalSection
	GlobalSection(ExtensibilityGlobals) = postSolution
		SolutionGuid = {4716D9EE-864C-4102-8D08-04519AE6681B}
	EndGlobalSection
EndGlobal
