
Microsoft Visual Studio Solution File, Format Version 12.00
# Visual Studio Version 17
VisualStudioVersion = 17.0.31919.166
MinimumVisualStudioVersion = 10.0.40219.1
Project("{FAE04EC0-301F-11D3-BF4B-00C04F79EFBC}") = "Scarecrow", "Scarecrow\Scarecrow.csproj", "{34BF4F42-ED2D-4F87-A03D-5C913D68D8AA}"
EndProject
Global
	GlobalSection(SolutionConfigurationPlatforms) = preSolution
		Debug|Any CPU = Debug|Any CPU
		Release|Any CPU = Release|Any CPU
	EndGlobalSection
	GlobalSection(ProjectConfigurationPlatforms) = postSolution
		{34BF4F42-ED2D-4F87-A03D-5C913D68D8AA}.Debug|Any CPU.ActiveCfg = Debug|Any CPU
		{34BF4F42-ED2D-4F87-A03D-5C913D68D8AA}.Debug|Any CPU.Build.0 = Debug|Any CPU
		{34BF4F42-ED2D-4F87-A03D-5C913D68D8AA}.Release|Any CPU.ActiveCfg = Release|Any CPU
		{34BF4F42-ED2D-4F87-A03D-5C913D68D8AA}.Release|Any CPU.Build.0 = Release|Any CPU
	EndGlobalSection
	GlobalSection(SolutionProperties) = preSolution
		HideSolutionNode = FALSE
	EndGlobalSection
	GlobalSection(ExtensibilityGlobals) = postSolution
		SolutionGuid = {4716D9EE-864C-4102-8D08-04519AE6681B}
	EndGlobalSection
EndGlobal
