
Microsoft Visual Studio Solution File, Format Version 12.00
# Visual Studio Version 17
VisualStudioVersion = 17.0.31919.166
MinimumVisualStudioVersion = 10.0.40219.1
Project("{9A19103F-16F7-4668-BE54-9A1E7A4F7556}") = "Scarecrow", "src\Scarecrow\Scarecrow.csproj", "{34BF4F42-ED2D-4F87-A03D-5C913D68D8AA}"
EndProject
Project("{9A19103F-16F7-4668-BE54-9A1E7A4F7556}") = "GitClient", "src\GitClient\GitClient.csproj", "{A798BDC8-0641-4302-9D70-29595AD99C2F}"
EndProject
Project("{2150E333-8FDC-42A3-9474-1A3956D46DE8}") = "GitClient", "GitClient", "{1098E1E9-6B9C-4839-9FCC-1B0D77D62AD7}"
EndProject
Project("{2150E333-8FDC-42A3-9474-1A3956D46DE8}") = "Validator", "Validator", "{3926398C-FB8A-45E7-A143-F90EF34E4EA5}"
EndProject
Project("{9A19103F-16F7-4668-BE54-9A1E7A4F7556}") = "Validator", "src\Validator\Validator.csproj", "{D018EA76-6355-46D9-98D1-9C89BB341C61}"
EndProject
Project("{2150E333-8FDC-42A3-9474-1A3956D46DE8}") = "src", "src", "{FD3D6B38-889B-43C1-9137-9E3D90F8899F}"
EndProject
Project("{2150E333-8FDC-42A3-9474-1A3956D46DE8}") = "test", "test", "{0B7A6A79-F2AC-4DEF-9DE3-EAF5C2BF0B41}"
EndProject
Project("{2150E333-8FDC-42A3-9474-1A3956D46DE8}") = "Validator", "Validator", "{B1425AD8-55F0-4C25-96A8-67BE1EDFAD13}"
EndProject
Project("{9A19103F-16F7-4668-BE54-9A1E7A4F7556}") = "ValidatorTest", "test\Validator\ValidatorTest\ValidatorTest.csproj", "{FA7256BB-D4EF-479E-88AD-AF226C509C09}"
EndProject
Project("{2150E333-8FDC-42A3-9474-1A3956D46DE8}") = "Core", "Core", "{1A05AED3-33EE-4DF8-B7CC-9DE65A7351BA}"
EndProject
Project("{9A19103F-16F7-4668-BE54-9A1E7A4F7556}") = "Scarecrow.Core", "src\Core\Scarecrow.Core\Scarecrow.Core.csproj", "{1ACC508C-CA94-4B1A-8115-093790A92981}"
EndProject
Project("{2150E333-8FDC-42A3-9474-1A3956D46DE8}") = "Core", "Core", "{F4C804FD-75C5-48AB-AB55-7C154503D864}"
EndProject
Project("{9A19103F-16F7-4668-BE54-9A1E7A4F7556}") = "Scarecrow.Core.Test", "test\Core\Scarecrow.Core.Test\Scarecrow.Core.Test.csproj", "{75DBEB6E-5D29-46EC-9658-8B61CFE051CD}"
EndProject
Project("{2150E333-8FDC-42A3-9474-1A3956D46DE8}") = "Api", "Api", "{A6B7868E-B620-458B-9855-D40CADE0ABA1}"
EndProject
Project("{FAE04EC0-301F-11D3-BF4B-00C04F79EFBC}") = "Scarecrow.Test", "test\Scarecrow.Test\Scarecrow.Test.csproj", "{A034A06A-F6A9-4740-BF68-5F4550BDE912}"
EndProject
Global
	GlobalSection(SolutionConfigurationPlatforms) = preSolution
		Debug|Any CPU = Debug|Any CPU
		Release|Any CPU = Release|Any CPU
	EndGlobalSection
	GlobalSection(ProjectConfigurationPlatforms) = postSolution
		{34BF4F42-ED2D-4F87-A03D-5C913D68D8AA}.Debug|Any CPU.ActiveCfg = Debug|Any CPU
		{34BF4F42-ED2D-4F87-A03D-5C913D68D8AA}.Debug|Any CPU.Build.0 = Debug|Any CPU
		{34BF4F42-ED2D-4F87-A03D-5C913D68D8AA}.Release|Any CPU.ActiveCfg = Release|Any CPU
		{34BF4F42-ED2D-4F87-A03D-5C913D68D8AA}.Release|Any CPU.Build.0 = Release|Any CPU
		{A798BDC8-0641-4302-9D70-29595AD99C2F}.Debug|Any CPU.ActiveCfg = Debug|Any CPU
		{A798BDC8-0641-4302-9D70-29595AD99C2F}.Debug|Any CPU.Build.0 = Debug|Any CPU
		{A798BDC8-0641-4302-9D70-29595AD99C2F}.Release|Any CPU.ActiveCfg = Release|Any CPU
		{A798BDC8-0641-4302-9D70-29595AD99C2F}.Release|Any CPU.Build.0 = Release|Any CPU
		{D018EA76-6355-46D9-98D1-9C89BB341C61}.Debug|Any CPU.ActiveCfg = Debug|Any CPU
		{D018EA76-6355-46D9-98D1-9C89BB341C61}.Debug|Any CPU.Build.0 = Debug|Any CPU
		{D018EA76-6355-46D9-98D1-9C89BB341C61}.Release|Any CPU.ActiveCfg = Release|Any CPU
		{D018EA76-6355-46D9-98D1-9C89BB341C61}.Release|Any CPU.Build.0 = Release|Any CPU
		{FA7256BB-D4EF-479E-88AD-AF226C509C09}.Debug|Any CPU.ActiveCfg = Debug|Any CPU
		{FA7256BB-D4EF-479E-88AD-AF226C509C09}.Debug|Any CPU.Build.0 = Debug|Any CPU
		{FA7256BB-D4EF-479E-88AD-AF226C509C09}.Release|Any CPU.ActiveCfg = Release|Any CPU
		{FA7256BB-D4EF-479E-88AD-AF226C509C09}.Release|Any CPU.Build.0 = Release|Any CPU
		{1ACC508C-CA94-4B1A-8115-093790A92981}.Debug|Any CPU.ActiveCfg = Debug|Any CPU
		{1ACC508C-CA94-4B1A-8115-093790A92981}.Debug|Any CPU.Build.0 = Debug|Any CPU
		{1ACC508C-CA94-4B1A-8115-093790A92981}.Release|Any CPU.ActiveCfg = Release|Any CPU
		{1ACC508C-CA94-4B1A-8115-093790A92981}.Release|Any CPU.Build.0 = Release|Any CPU
		{75DBEB6E-5D29-46EC-9658-8B61CFE051CD}.Debug|Any CPU.ActiveCfg = Debug|Any CPU
		{75DBEB6E-5D29-46EC-9658-8B61CFE051CD}.Debug|Any CPU.Build.0 = Debug|Any CPU
		{75DBEB6E-5D29-46EC-9658-8B61CFE051CD}.Release|Any CPU.ActiveCfg = Release|Any CPU
		{75DBEB6E-5D29-46EC-9658-8B61CFE051CD}.Release|Any CPU.Build.0 = Release|Any CPU
		{A034A06A-F6A9-4740-BF68-5F4550BDE912}.Debug|Any CPU.ActiveCfg = Debug|Any CPU
		{A034A06A-F6A9-4740-BF68-5F4550BDE912}.Debug|Any CPU.Build.0 = Debug|Any CPU
		{A034A06A-F6A9-4740-BF68-5F4550BDE912}.Release|Any CPU.ActiveCfg = Release|Any CPU
		{A034A06A-F6A9-4740-BF68-5F4550BDE912}.Release|Any CPU.Build.0 = Release|Any CPU
	EndGlobalSection
	GlobalSection(SolutionProperties) = preSolution
		HideSolutionNode = FALSE
	EndGlobalSection
	GlobalSection(NestedProjects) = preSolution
		{34BF4F42-ED2D-4F87-A03D-5C913D68D8AA} = {FD3D6B38-889B-43C1-9137-9E3D90F8899F}
		{A798BDC8-0641-4302-9D70-29595AD99C2F} = {1098E1E9-6B9C-4839-9FCC-1B0D77D62AD7}
		{1098E1E9-6B9C-4839-9FCC-1B0D77D62AD7} = {FD3D6B38-889B-43C1-9137-9E3D90F8899F}
		{3926398C-FB8A-45E7-A143-F90EF34E4EA5} = {FD3D6B38-889B-43C1-9137-9E3D90F8899F}
		{D018EA76-6355-46D9-98D1-9C89BB341C61} = {3926398C-FB8A-45E7-A143-F90EF34E4EA5}
		{B1425AD8-55F0-4C25-96A8-67BE1EDFAD13} = {0B7A6A79-F2AC-4DEF-9DE3-EAF5C2BF0B41}
		{FA7256BB-D4EF-479E-88AD-AF226C509C09} = {B1425AD8-55F0-4C25-96A8-67BE1EDFAD13}
		{1A05AED3-33EE-4DF8-B7CC-9DE65A7351BA} = {FD3D6B38-889B-43C1-9137-9E3D90F8899F}
		{1ACC508C-CA94-4B1A-8115-093790A92981} = {1A05AED3-33EE-4DF8-B7CC-9DE65A7351BA}
		{F4C804FD-75C5-48AB-AB55-7C154503D864} = {0B7A6A79-F2AC-4DEF-9DE3-EAF5C2BF0B41}
		{75DBEB6E-5D29-46EC-9658-8B61CFE051CD} = {F4C804FD-75C5-48AB-AB55-7C154503D864}
		{A6B7868E-B620-458B-9855-D40CADE0ABA1} = {0B7A6A79-F2AC-4DEF-9DE3-EAF5C2BF0B41}
		{A034A06A-F6A9-4740-BF68-5F4550BDE912} = {A6B7868E-B620-458B-9855-D40CADE0ABA1}
	EndGlobalSection
	GlobalSection(ExtensibilityGlobals) = postSolution
		SolutionGuid = {4716D9EE-864C-4102-8D08-04519AE6681B}
	EndGlobalSection
EndGlobal
